
Microsoft Visual Studio Solution File, Format Version 12.00
# Visual Studio Version 16
VisualStudioVersion = 16.0.30011.22
MinimumVisualStudioVersion = 10.0.40219.1
Project("{FAE04EC0-301F-11D3-BF4B-00C04F79EFBC}") = "imgResize", "imgResize\imgResize.csproj", "{F309C6A1-65C6-420B-A742-ED45FC4B92EE}"
EndProject
Global
	GlobalSection(SolutionConfigurationPlatforms) = preSolution
		Debug|Any CPU = Debug|Any CPU
		Release|Any CPU = Release|Any CPU
	EndGlobalSection
	GlobalSection(ProjectConfigurationPlatforms) = postSolution
		{F309C6A1-65C6-420B-A742-ED45FC4B92EE}.Debug|Any CPU.ActiveCfg = Debug|Any CPU
		{F309C6A1-65C6-420B-A742-ED45FC4B92EE}.Debug|Any CPU.Build.0 = Debug|Any CPU
		{F309C6A1-65C6-420B-A742-ED45FC4B92EE}.Release|Any CPU.ActiveCfg = Release|Any CPU
		{F309C6A1-65C6-420B-A742-ED45FC4B92EE}.Release|Any CPU.Build.0 = Release|Any CPU
	EndGlobalSection
	GlobalSection(SolutionProperties) = preSolution
		HideSolutionNode = FALSE
	EndGlobalSection
	GlobalSection(ExtensibilityGlobals) = postSolution
		SolutionGuid = {325FE445-D3FE-4274-BBE8-A4CDDC544F59}
	EndGlobalSection
EndGlobal
